
Microsoft Visual Studio Solution File, Format Version 12.00
# Visual Studio Version 16
VisualStudioVersion = 16.0.31005.135
MinimumVisualStudioVersion = 10.0.40219.1
Project("{9A19103F-16F7-4668-BE54-9A1E7A4F7556}") = "GrandPrix", "GrandPrix2\GrandPrix.csproj", "{94DB28D2-E976-4628-928F-99977197897C}"
EndProject
Global
	GlobalSection(SolutionConfigurationPlatforms) = preSolution
		Debug|Any CPU = Debug|Any CPU
		Release|Any CPU = Release|Any CPU
	EndGlobalSection
	GlobalSection(ProjectConfigurationPlatforms) = postSolution
		{94DB28D2-E976-4628-928F-99977197897C}.Debug|Any CPU.ActiveCfg = Debug|Any CPU
		{94DB28D2-E976-4628-928F-99977197897C}.Debug|Any CPU.Build.0 = Debug|Any CPU
		{94DB28D2-E976-4628-928F-99977197897C}.Release|Any CPU.ActiveCfg = Release|Any CPU
		{94DB28D2-E976-4628-928F-99977197897C}.Release|Any CPU.Build.0 = Release|Any CPU
	EndGlobalSection
	GlobalSection(SolutionProperties) = preSolution
		HideSolutionNode = FALSE
	EndGlobalSection
	GlobalSection(ExtensibilityGlobals) = postSolution
		SolutionGuid = {950C1A39-64A0-4384-8EDF-3A7071A60D98}
	EndGlobalSection
EndGlobal
